
Microsoft Visual Studio Solution File, Format Version 12.00
# Visual Studio Version 17
VisualStudioVersion = 17.8.34511.84
MinimumVisualStudioVersion = 10.0.40219.1
Project("{FAE04EC0-301F-11D3-BF4B-00C04F79EFBC}") = "3SA_W2_ArrayLists", "3SA_W2_ArrayLists.csproj", "{1E386E3C-8B97-40DF-9DA2-E797170160CC}"
EndProject
Global
	GlobalSection(SolutionConfigurationPlatforms) = preSolution
		Debug|Any CPU = Debug|Any CPU
		Release|Any CPU = Release|Any CPU
	EndGlobalSection
	GlobalSection(ProjectConfigurationPlatforms) = postSolution
		{1E386E3C-8B97-40DF-9DA2-E797170160CC}.Debug|Any CPU.ActiveCfg = Debug|Any CPU
		{1E386E3C-8B97-40DF-9DA2-E797170160CC}.Debug|Any CPU.Build.0 = Debug|Any CPU
		{1E386E3C-8B97-40DF-9DA2-E797170160CC}.Release|Any CPU.ActiveCfg = Release|Any CPU
		{1E386E3C-8B97-40DF-9DA2-E797170160CC}.Release|Any CPU.Build.0 = Release|Any CPU
	EndGlobalSection
	GlobalSection(SolutionProperties) = preSolution
		HideSolutionNode = FALSE
	EndGlobalSection
	GlobalSection(ExtensibilityGlobals) = postSolution
		SolutionGuid = {7AA80A06-69DA-40CA-8B9A-C88424DD64F4}
	EndGlobalSection
EndGlobal
